// !$*UTF8*$!
{
	archiveVersion = 1;
	classes = {
	};
	objectVersion = 51;
	objects = {

/* Begin PBXBuildFile section */
		CA7245C0A90EE66B180BBB36 /* Pods_UberTutorial.framework in Frameworks */ = {isa = PBXBuildFile; fileRef = 7CAA37CA9CCA230513862391 /* Pods_UberTutorial.framework */; };
		EB023A2124F012680048BE1F /* LocationInputCell.swift in Sources */ = {isa = PBXBuildFile; fileRef = EB023A2024F012680048BE1F /* LocationInputCell.swift */; };
		EB277C6124ECA37A009A01BD /* LocationInputView.swift in Sources */ = {isa = PBXBuildFile; fileRef = EB277C6024ECA37A009A01BD /* LocationInputView.swift */; };
		EBA8E7BD24C9B9B900FE2113 /* AppDelegate.swift in Sources */ = {isa = PBXBuildFile; fileRef = EBA8E7BC24C9B9B900FE2113 /* AppDelegate.swift */; };
		EBA8E7BF24C9B9B900FE2113 /* SceneDelegate.swift in Sources */ = {isa = PBXBuildFile; fileRef = EBA8E7BE24C9B9B900FE2113 /* SceneDelegate.swift */; };
		EBA8E7C424C9B9B900FE2113 /* Main.storyboard in Resources */ = {isa = PBXBuildFile; fileRef = EBA8E7C224C9B9B900FE2113 /* Main.storyboard */; };
		EBA8E7C624C9B9BB00FE2113 /* Assets.xcassets in Resources */ = {isa = PBXBuildFile; fileRef = EBA8E7C524C9B9BB00FE2113 /* Assets.xcassets */; };
		EBA8E7C924C9B9BB00FE2113 /* LaunchScreen.storyboard in Resources */ = {isa = PBXBuildFile; fileRef = EBA8E7C724C9B9BB00FE2113 /* LaunchScreen.storyboard */; };
		EBA8E7D624C9BC8600FE2113 /* LoginController.swift in Sources */ = {isa = PBXBuildFile; fileRef = EBA8E7D524C9BC8600FE2113 /* LoginController.swift */; };
		EBA8E7D824C9DB7600FE2113 /* Extensions.swift in Sources */ = {isa = PBXBuildFile; fileRef = EBA8E7D724C9DB7600FE2113 /* Extensions.swift */; };
		EBA8E7DA24CA6EAE00FE2113 /* SignUpController.swift in Sources */ = {isa = PBXBuildFile; fileRef = EBA8E7D924CA6EAE00FE2113 /* SignUpController.swift */; };
		EBA8E7DC24CB052600FE2113 /* AuthButton.swift in Sources */ = {isa = PBXBuildFile; fileRef = EBA8E7DB24CB052600FE2113 /* AuthButton.swift */; };
		EBA8E7E024CB178100FE2113 /* GoogleService-Info.plist in Resources */ = {isa = PBXBuildFile; fileRef = EBA8E7DF24CB178100FE2113 /* GoogleService-Info.plist */; };
		EBA8E7E224CB8BB000FE2113 /* HomeController.swift in Sources */ = {isa = PBXBuildFile; fileRef = EBA8E7E124CB8BB000FE2113 /* HomeController.swift */; };
		EBA9FF1C24EB41A800BDCA40 /* LocationInputActivationView.swift in Sources */ = {isa = PBXBuildFile; fileRef = EBA9FF1B24EB41A800BDCA40 /* LocationInputActivationView.swift */; };
/* End PBXBuildFile section */

/* Begin PBXFileReference section */
		4A4BF8D3B62B11F575219FBB /* Pods-UberTutorial.debug.xcconfig */ = {isa = PBXFileReference; includeInIndex = 1; lastKnownFileType = text.xcconfig; name = "Pods-UberTutorial.debug.xcconfig"; path = "Target Support Files/Pods-UberTutorial/Pods-UberTutorial.debug.xcconfig"; sourceTree = "<group>"; };
		730C0061842CC86E40D04FCA /* Pods-UberTutorial.release.xcconfig */ = {isa = PBXFileReference; includeInIndex = 1; lastKnownFileType = text.xcconfig; name = "Pods-UberTutorial.release.xcconfig"; path = "Target Support Files/Pods-UberTutorial/Pods-UberTutorial.release.xcconfig"; sourceTree = "<group>"; };
		7CAA37CA9CCA230513862391 /* Pods_UberTutorial.framework */ = {isa = PBXFileReference; explicitFileType = wrapper.framework; includeInIndex = 0; path = Pods_UberTutorial.framework; sourceTree = BUILT_PRODUCTS_DIR; };
		EB023A2024F012680048BE1F /* LocationInputCell.swift */ = {isa = PBXFileReference; lastKnownFileType = sourcecode.swift; path = LocationInputCell.swift; sourceTree = "<group>"; };
		EB277C6024ECA37A009A01BD /* LocationInputView.swift */ = {isa = PBXFileReference; lastKnownFileType = sourcecode.swift; path = LocationInputView.swift; sourceTree = "<group>"; };
		EBA8E7B924C9B9B900FE2113 /* UberTutorial.app */ = {isa = PBXFileReference; explicitFileType = wrapper.application; includeInIndex = 0; path = UberTutorial.app; sourceTree = BUILT_PRODUCTS_DIR; };
		EBA8E7BC24C9B9B900FE2113 /* AppDelegate.swift */ = {isa = PBXFileReference; lastKnownFileType = sourcecode.swift; path = AppDelegate.swift; sourceTree = "<group>"; };
		EBA8E7BE24C9B9B900FE2113 /* SceneDelegate.swift */ = {isa = PBXFileReference; lastKnownFileType = sourcecode.swift; path = SceneDelegate.swift; sourceTree = "<group>"; };
		EBA8E7C324C9B9B900FE2113 /* Base */ = {isa = PBXFileReference; lastKnownFileType = file.storyboard; name = Base; path = Base.lproj/Main.storyboard; sourceTree = "<group>"; };
		EBA8E7C524C9B9BB00FE2113 /* Assets.xcassets */ = {isa = PBXFileReference; lastKnownFileType = folder.assetcatalog; path = Assets.xcassets; sourceTree = "<group>"; };
		EBA8E7C824C9B9BB00FE2113 /* Base */ = {isa = PBXFileReference; lastKnownFileType = file.storyboard; name = Base; path = Base.lproj/LaunchScreen.storyboard; sourceTree = "<group>"; };
		EBA8E7CA24C9B9BB00FE2113 /* Info.plist */ = {isa = PBXFileReference; lastKnownFileType = text.plist.xml; path = Info.plist; sourceTree = "<group>"; };
		EBA8E7D524C9BC8600FE2113 /* LoginController.swift */ = {isa = PBXFileReference; lastKnownFileType = sourcecode.swift; path = LoginController.swift; sourceTree = "<group>"; };
		EBA8E7D724C9DB7600FE2113 /* Extensions.swift */ = {isa = PBXFileReference; lastKnownFileType = sourcecode.swift; path = Extensions.swift; sourceTree = "<group>"; };
		EBA8E7D924CA6EAE00FE2113 /* SignUpController.swift */ = {isa = PBXFileReference; lastKnownFileType = sourcecode.swift; path = SignUpController.swift; sourceTree = "<group>"; };
		EBA8E7DB24CB052600FE2113 /* AuthButton.swift */ = {isa = PBXFileReference; lastKnownFileType = sourcecode.swift; path = AuthButton.swift; sourceTree = "<group>"; };
		EBA8E7DF24CB178100FE2113 /* GoogleService-Info.plist */ = {isa = PBXFileReference; lastKnownFileType = text.plist; path = "GoogleService-Info.plist"; sourceTree = SOURCE_ROOT; };
		EBA8E7E124CB8BB000FE2113 /* HomeController.swift */ = {isa = PBXFileReference; lastKnownFileType = sourcecode.swift; path = HomeController.swift; sourceTree = "<group>"; };
		EBA9FF1B24EB41A800BDCA40 /* LocationInputActivationView.swift */ = {isa = PBXFileReference; lastKnownFileType = sourcecode.swift; path = LocationInputActivationView.swift; sourceTree = "<group>"; };
/* End PBXFileReference section */

/* Begin PBXFrameworksBuildPhase section */
		EBA8E7B624C9B9B900FE2113 /* Frameworks */ = {
			isa = PBXFrameworksBuildPhase;
			buildActionMask = 2147483647;
			files = (
				CA7245C0A90EE66B180BBB36 /* Pods_UberTutorial.framework in Frameworks */,
			);
			runOnlyForDeploymentPostprocessing = 0;
		};
/* End PBXFrameworksBuildPhase section */

/* Begin PBXGroup section */
		4209B36146FC67581C074939 /* Pods */ = {
			isa = PBXGroup;
			children = (
				4A4BF8D3B62B11F575219FBB /* Pods-UberTutorial.debug.xcconfig */,
				730C0061842CC86E40D04FCA /* Pods-UberTutorial.release.xcconfig */,
			);
			path = Pods;
			sourceTree = "<group>";
		};
		8165B9E80F1DE5120A12AB9D /* Frameworks */ = {
			isa = PBXGroup;
			children = (
				7CAA37CA9CCA230513862391 /* Pods_UberTutorial.framework */,
			);
			name = Frameworks;
			sourceTree = "<group>";
		};
		EBA8E7B024C9B9B900FE2113 = {
			isa = PBXGroup;
			children = (
				EBA8E7BB24C9B9B900FE2113 /* UberTutorial */,
				EBA8E7BA24C9B9B900FE2113 /* Products */,
				4209B36146FC67581C074939 /* Pods */,
				8165B9E80F1DE5120A12AB9D /* Frameworks */,
			);
			sourceTree = "<group>";
		};
		EBA8E7BA24C9B9B900FE2113 /* Products */ = {
			isa = PBXGroup;
			children = (
				EBA8E7B924C9B9B900FE2113 /* UberTutorial.app */,
			);
			name = Products;
			sourceTree = "<group>";
		};
		EBA8E7BB24C9B9B900FE2113 /* UberTutorial */ = {
			isa = PBXGroup;
			children = (
				EBA8E7D424C9BA5700FE2113 /* Model */,
				EBA8E7D324C9BA3B00FE2113 /* View */,
				EBA8E7D224C9BA3700FE2113 /* Controller */,
				EBA8E7D124C9BA3400FE2113 /* Service */,
				EBA8E7D024C9BA3000FE2113 /* Utils */,
				EBA8E7BC24C9B9B900FE2113 /* AppDelegate.swift */,
				EBA8E7BE24C9B9B900FE2113 /* SceneDelegate.swift */,
				EBA8E7C224C9B9B900FE2113 /* Main.storyboard */,
				EBA8E7C524C9B9BB00FE2113 /* Assets.xcassets */,
				EBA8E7C724C9B9BB00FE2113 /* LaunchScreen.storyboard */,
				EBA8E7DF24CB178100FE2113 /* GoogleService-Info.plist */,
				EBA8E7CA24C9B9BB00FE2113 /* Info.plist */,
			);
			path = UberTutorial;
			sourceTree = "<group>";
		};
		EBA8E7D024C9BA3000FE2113 /* Utils */ = {
			isa = PBXGroup;
			children = (
				EBA8E7D724C9DB7600FE2113 /* Extensions.swift */,
			);
			path = Utils;
			sourceTree = "<group>";
		};
		EBA8E7D124C9BA3400FE2113 /* Service */ = {
			isa = PBXGroup;
			children = (
			);
			path = Service;
			sourceTree = "<group>";
		};
		EBA8E7D224C9BA3700FE2113 /* Controller */ = {
			isa = PBXGroup;
			children = (
				EBA8E7D524C9BC8600FE2113 /* LoginController.swift */,
				EBA8E7D924CA6EAE00FE2113 /* SignUpController.swift */,
				EBA8E7E124CB8BB000FE2113 /* HomeController.swift */,
			);
			path = Controller;
			sourceTree = "<group>";
		};
		EBA8E7D324C9BA3B00FE2113 /* View */ = {
			isa = PBXGroup;
			children = (
				EBA8E7DB24CB052600FE2113 /* AuthButton.swift */,
				EBA9FF1B24EB41A800BDCA40 /* LocationInputActivationView.swift */,
				EB277C6024ECA37A009A01BD /* LocationInputView.swift */,
				EB023A2024F012680048BE1F /* LocationInputCell.swift */,
			);
			path = View;
			sourceTree = "<group>";
		};
		EBA8E7D424C9BA5700FE2113 /* Model */ = {
			isa = PBXGroup;
			children = (
			);
			path = Model;
			sourceTree = "<group>";
		};
/* End PBXGroup section */

/* Begin PBXNativeTarget section */
		EBA8E7B824C9B9B900FE2113 /* UberTutorial */ = {
			isa = PBXNativeTarget;
			buildConfigurationList = EBA8E7CD24C9B9BB00FE2113 /* Build configuration list for PBXNativeTarget "UberTutorial" */;
			buildPhases = (
				B606C9AC00C9204AADCB0B2E /* [CP] Check Pods Manifest.lock */,
				EBA8E7B524C9B9B900FE2113 /* Sources */,
				EBA8E7B624C9B9B900FE2113 /* Frameworks */,
				EBA8E7B724C9B9B900FE2113 /* Resources */,
				7EF166E09DA1C22C4FFF4AA7 /* [CP] Embed Pods Frameworks */,
			);
			buildRules = (
			);
			dependencies = (
			);
			name = UberTutorial;
			productName = UberTutorial;
			productReference = EBA8E7B924C9B9B900FE2113 /* UberTutorial.app */;
			productType = "com.apple.product-type.application";
		};
/* End PBXNativeTarget section */

/* Begin PBXProject section */
		EBA8E7B124C9B9B900FE2113 /* Project object */ = {
			isa = PBXProject;
			attributes = {
				LastSwiftUpdateCheck = 1160;
				LastUpgradeCheck = 1160;
				ORGANIZATIONNAME = "Gustavo Feliciano Figueiredo";
				TargetAttributes = {
					EBA8E7B824C9B9B900FE2113 = {
						CreatedOnToolsVersion = 11.6;
					};
				};
			};
			buildConfigurationList = EBA8E7B424C9B9B900FE2113 /* Build configuration list for PBXProject "UberTutorial" */;
			compatibilityVersion = "Xcode 9.3";
			developmentRegion = en;
			hasScannedForEncodings = 0;
			knownRegions = (
				en,
				Base,
			);
			mainGroup = EBA8E7B024C9B9B900FE2113;
			productRefGroup = EBA8E7BA24C9B9B900FE2113 /* Products */;
			projectDirPath = "";
			projectRoot = "";
			targets = (
				EBA8E7B824C9B9B900FE2113 /* UberTutorial */,
			);
		};
/* End PBXProject section */

/* Begin PBXResourcesBuildPhase section */
		EBA8E7B724C9B9B900FE2113 /* Resources */ = {
			isa = PBXResourcesBuildPhase;
			buildActionMask = 2147483647;
			files = (
				EBA8E7C924C9B9BB00FE2113 /* LaunchScreen.storyboard in Resources */,
				EBA8E7E024CB178100FE2113 /* GoogleService-Info.plist in Resources */,
				EBA8E7C624C9B9BB00FE2113 /* Assets.xcassets in Resources */,
				EBA8E7C424C9B9B900FE2113 /* Main.storyboard in Resources */,
			);
			runOnlyForDeploymentPostprocessing = 0;
		};
/* End PBXResourcesBuildPhase section */

/* Begin PBXShellScriptBuildPhase section */
		7EF166E09DA1C22C4FFF4AA7 /* [CP] Embed Pods Frameworks */ = {
			isa = PBXShellScriptBuildPhase;
			buildActionMask = 2147483647;
			files = (
			);
			inputFileListPaths = (
				"${PODS_ROOT}/Target Support Files/Pods-UberTutorial/Pods-UberTutorial-frameworks-${CONFIGURATION}-input-files.xcfilelist",
			);
			name = "[CP] Embed Pods Frameworks";
			outputFileListPaths = (
				"${PODS_ROOT}/Target Support Files/Pods-UberTutorial/Pods-UberTutorial-frameworks-${CONFIGURATION}-output-files.xcfilelist",
			);
			runOnlyForDeploymentPostprocessing = 0;
			shellPath = /bin/sh;
			shellScript = "\"${PODS_ROOT}/Target Support Files/Pods-UberTutorial/Pods-UberTutorial-frameworks.sh\"\n";
			showEnvVarsInLog = 0;
		};
		B606C9AC00C9204AADCB0B2E /* [CP] Check Pods Manifest.lock */ = {
			isa = PBXShellScriptBuildPhase;
			buildActionMask = 2147483647;
			files = (
			);
			inputFileListPaths = (
			);
			inputPaths = (
				"${PODS_PODFILE_DIR_PATH}/Podfile.lock",
				"${PODS_ROOT}/Manifest.lock",
			);
			name = "[CP] Check Pods Manifest.lock";
			outputFileListPaths = (
			);
			outputPaths = (
				"$(DERIVED_FILE_DIR)/Pods-UberTutorial-checkManifestLockResult.txt",
			);
			runOnlyForDeploymentPostprocessing = 0;
			shellPath = /bin/sh;
			shellScript = "diff \"${PODS_PODFILE_DIR_PATH}/Podfile.lock\" \"${PODS_ROOT}/Manifest.lock\" > /dev/null\nif [ $? != 0 ] ; then\n    # print error to STDERR\n    echo \"error: The sandbox is not in sync with the Podfile.lock. Run 'pod install' or update your CocoaPods installation.\" >&2\n    exit 1\nfi\n# This output is used by Xcode 'outputs' to avoid re-running this script phase.\necho \"SUCCESS\" > \"${SCRIPT_OUTPUT_FILE_0}\"\n";
			showEnvVarsInLog = 0;
		};
/* End PBXShellScriptBuildPhase section */

/* Begin PBXSourcesBuildPhase section */
		EBA8E7B524C9B9B900FE2113 /* Sources */ = {
			isa = PBXSourcesBuildPhase;
			buildActionMask = 2147483647;
			files = (
				EBA8E7DA24CA6EAE00FE2113 /* SignUpController.swift in Sources */,
				EBA8E7DC24CB052600FE2113 /* AuthButton.swift in Sources */,
				EBA8E7E224CB8BB000FE2113 /* HomeController.swift in Sources */,
				EB277C6124ECA37A009A01BD /* LocationInputView.swift in Sources */,
				EBA8E7BD24C9B9B900FE2113 /* AppDelegate.swift in Sources */,
				EBA8E7D624C9BC8600FE2113 /* LoginController.swift in Sources */,
				EBA8E7BF24C9B9B900FE2113 /* SceneDelegate.swift in Sources */,
				EBA9FF1C24EB41A800BDCA40 /* LocationInputActivationView.swift in Sources */,
				EBA8E7D824C9DB7600FE2113 /* Extensions.swift in Sources */,
				EB023A2124F012680048BE1F /* LocationInputCell.swift in Sources */,
			);
			runOnlyForDeploymentPostprocessing = 0;
		};
/* End PBXSourcesBuildPhase section */

/* Begin PBXVariantGroup section */
		EBA8E7C224C9B9B900FE2113 /* Main.storyboard */ = {
			isa = PBXVariantGroup;
			children = (
				EBA8E7C324C9B9B900FE2113 /* Base */,
			);
			name = Main.storyboard;
			sourceTree = "<group>";
		};
		EBA8E7C724C9B9BB00FE2113 /* LaunchScreen.storyboard */ = {
			isa = PBXVariantGroup;
			children = (
				EBA8E7C824C9B9BB00FE2113 /* Base */,
			);
			name = LaunchScreen.storyboard;
			sourceTree = "<group>";
		};
/* End PBXVariantGroup section */

/* Begin XCBuildConfiguration section */
		EBA8E7CB24C9B9BB00FE2113 /* Debug */ = {
			isa = XCBuildConfiguration;
			buildSettings = {
				ALWAYS_SEARCH_USER_PATHS = NO;
				CLANG_ANALYZER_NONNULL = YES;
				CLANG_ANALYZER_NUMBER_OBJECT_CONVERSION = YES_AGGRESSIVE;
				CLANG_CXX_LANGUAGE_STANDARD = "gnu++14";
				CLANG_CXX_LIBRARY = "libc++";
				CLANG_ENABLE_MODULES = YES;
				CLANG_ENABLE_OBJC_ARC = YES;
				CLANG_ENABLE_OBJC_WEAK = YES;
				CLANG_WARN_BLOCK_CAPTURE_AUTORELEASING = YES;
				CLANG_WARN_BOOL_CONVERSION = YES;
				CLANG_WARN_COMMA = YES;
				CLANG_WARN_CONSTANT_CONVERSION = YES;
				CLANG_WARN_DEPRECATED_OBJC_IMPLEMENTATIONS = YES;
				CLANG_WARN_DIRECT_OBJC_ISA_USAGE = YES_ERROR;
				CLANG_WARN_DOCUMENTATION_COMMENTS = YES;
				CLANG_WARN_EMPTY_BODY = YES;
				CLANG_WARN_ENUM_CONVERSION = YES;
				CLANG_WARN_INFINITE_RECURSION = YES;
				CLANG_WARN_INT_CONVERSION = YES;
				CLANG_WARN_NON_LITERAL_NULL_CONVERSION = YES;
				CLANG_WARN_OBJC_IMPLICIT_RETAIN_SELF = YES;
				CLANG_WARN_OBJC_LITERAL_CONVERSION = YES;
				CLANG_WARN_OBJC_ROOT_CLASS = YES_ERROR;
				CLANG_WARN_RANGE_LOOP_ANALYSIS = YES;
				CLANG_WARN_STRICT_PROTOTYPES = YES;
				CLANG_WARN_SUSPICIOUS_MOVE = YES;
				CLANG_WARN_UNGUARDED_AVAILABILITY = YES_AGGRESSIVE;
				CLANG_WARN_UNREACHABLE_CODE = YES;
				CLANG_WARN__DUPLICATE_METHOD_MATCH = YES;
				COPY_PHASE_STRIP = NO;
				DEBUG_INFORMATION_FORMAT = dwarf;
				ENABLE_STRICT_OBJC_MSGSEND = YES;
				ENABLE_TESTABILITY = YES;
				GCC_C_LANGUAGE_STANDARD = gnu11;
				GCC_DYNAMIC_NO_PIC = NO;
				GCC_NO_COMMON_BLOCKS = YES;
				GCC_OPTIMIZATION_LEVEL = 0;
				GCC_PREPROCESSOR_DEFINITIONS = (
					"DEBUG=1",
					"$(inherited)",
				);
				GCC_WARN_64_TO_32_BIT_CONVERSION = YES;
				GCC_WARN_ABOUT_RETURN_TYPE = YES_ERROR;
				GCC_WARN_UNDECLARED_SELECTOR = YES;
				GCC_WARN_UNINITIALIZED_AUTOS = YES_AGGRESSIVE;
				GCC_WARN_UNUSED_FUNCTION = YES;
				GCC_WARN_UNUSED_VARIABLE = YES;
				IPHONEOS_DEPLOYMENT_TARGET = 13.6;
				MTL_ENABLE_DEBUG_INFO = INCLUDE_SOURCE;
				MTL_FAST_MATH = YES;
				ONLY_ACTIVE_ARCH = YES;
				SDKROOT = iphoneos;
				SWIFT_ACTIVE_COMPILATION_CONDITIONS = DEBUG;
				SWIFT_OPTIMIZATION_LEVEL = "-Onone";
			};
			name = Debug;
		};
		EBA8E7CC24C9B9BB00FE2113 /* Release */ = {
			isa = XCBuildConfiguration;
			buildSettings = {
				ALWAYS_SEARCH_USER_PATHS = NO;
				CLANG_ANALYZER_NONNULL = YES;
				CLANG_ANALYZER_NUMBER_OBJECT_CONVERSION = YES_AGGRESSIVE;
				CLANG_CXX_LANGUAGE_STANDARD = "gnu++14";
				CLANG_CXX_LIBRARY = "libc++";
				CLANG_ENABLE_MODULES = YES;
				CLANG_ENABLE_OBJC_ARC = YES;
				CLANG_ENABLE_OBJC_WEAK = YES;
				CLANG_WARN_BLOCK_CAPTURE_AUTORELEASING = YES;
				CLANG_WARN_BOOL_CONVERSION = YES;
				CLANG_WARN_COMMA = YES;
				CLANG_WARN_CONSTANT_CONVERSION = YES;
				CLANG_WARN_DEPRECATED_OBJC_IMPLEMENTATIONS = YES;
				CLANG_WARN_DIRECT_OBJC_ISA_USAGE = YES_ERROR;
				CLANG_WARN_DOCUMENTATION_COMMENTS = YES;
				CLANG_WARN_EMPTY_BODY = YES;
				CLANG_WARN_ENUM_CONVERSION = YES;
				CLANG_WARN_INFINITE_RECURSION = YES;
				CLANG_WARN_INT_CONVERSION = YES;
				CLANG_WARN_NON_LITERAL_NULL_CONVERSION = YES;
				CLANG_WARN_OBJC_IMPLICIT_RETAIN_SELF = YES;
				CLANG_WARN_OBJC_LITERAL_CONVERSION = YES;
				CLANG_WARN_OBJC_ROOT_CLASS = YES_ERROR;
				CLANG_WARN_RANGE_LOOP_ANALYSIS = YES;
				CLANG_WARN_STRICT_PROTOTYPES = YES;
				CLANG_WARN_SUSPICIOUS_MOVE = YES;
				CLANG_WARN_UNGUARDED_AVAILABILITY = YES_AGGRESSIVE;
				CLANG_WARN_UNREACHABLE_CODE = YES;
				CLANG_WARN__DUPLICATE_METHOD_MATCH = YES;
				COPY_PHASE_STRIP = NO;
				DEBUG_INFORMATION_FORMAT = "dwarf-with-dsym";
				ENABLE_NS_ASSERTIONS = NO;
				ENABLE_STRICT_OBJC_MSGSEND = YES;
				GCC_C_LANGUAGE_STANDARD = gnu11;
				GCC_NO_COMMON_BLOCKS = YES;
				GCC_WARN_64_TO_32_BIT_CONVERSION = YES;
				GCC_WARN_ABOUT_RETURN_TYPE = YES_ERROR;
				GCC_WARN_UNDECLARED_SELECTOR = YES;
				GCC_WARN_UNINITIALIZED_AUTOS = YES_AGGRESSIVE;
				GCC_WARN_UNUSED_FUNCTION = YES;
				GCC_WARN_UNUSED_VARIABLE = YES;
				IPHONEOS_DEPLOYMENT_TARGET = 13.6;
				MTL_ENABLE_DEBUG_INFO = NO;
				MTL_FAST_MATH = YES;
				SDKROOT = iphoneos;
				SWIFT_COMPILATION_MODE = wholemodule;
				SWIFT_OPTIMIZATION_LEVEL = "-O";
				VALIDATE_PRODUCT = YES;
			};
			name = Release;
		};
		EBA8E7CE24C9B9BB00FE2113 /* Debug */ = {
			isa = XCBuildConfiguration;
			baseConfigurationReference = 4A4BF8D3B62B11F575219FBB /* Pods-UberTutorial.debug.xcconfig */;
			buildSettings = {
				ASSETCATALOG_COMPILER_APPICON_NAME = AppIcon;
				CODE_SIGN_STYLE = Automatic;
				DEVELOPMENT_TEAM = 7R7SUH3884;
				INFOPLIST_FILE = UberTutorial/Info.plist;
				LD_RUNPATH_SEARCH_PATHS = (
					"$(inherited)",
					"@executable_path/Frameworks",
				);
				PRODUCT_BUNDLE_IDENTIFIER = com.GustavoFeliciano.UberTutorial;
				PRODUCT_NAME = "$(TARGET_NAME)";
				SWIFT_VERSION = 5.0;
				TARGETED_DEVICE_FAMILY = "1,2";
			};
			name = Debug;
		};
		EBA8E7CF24C9B9BB00FE2113 /* Release */ = {
			isa = XCBuildConfiguration;
			baseConfigurationReference = 730C0061842CC86E40D04FCA /* Pods-UberTutorial.release.xcconfig */;
			buildSettings = {
				ASSETCATALOG_COMPILER_APPICON_NAME = AppIcon;
				CODE_SIGN_STYLE = Automatic;
				DEVELOPMENT_TEAM = 7R7SUH3884;
				INFOPLIST_FILE = UberTutorial/Info.plist;
				LD_RUNPATH_SEARCH_PATHS = (
					"$(inherited)",
					"@executable_path/Frameworks",
				);
				PRODUCT_BUNDLE_IDENTIFIER = com.GustavoFeliciano.UberTutorial;
				PRODUCT_NAME = "$(TARGET_NAME)";
				SWIFT_VERSION = 5.0;
				TARGETED_DEVICE_FAMILY = "1,2";
			};
			name = Release;
		};
/* End XCBuildConfiguration section */

/* Begin XCConfigurationList section */
		EBA8E7B424C9B9B900FE2113 /* Build configuration list for PBXProject "UberTutorial" */ = {
			isa = XCConfigurationList;
			buildConfigurations = (
				EBA8E7CB24C9B9BB00FE2113 /* Debug */,
				EBA8E7CC24C9B9BB00FE2113 /* Release */,
			);
			defaultConfigurationIsVisible = 0;
			defaultConfigurationName = Release;
		};
		EBA8E7CD24C9B9BB00FE2113 /* Build configuration list for PBXNativeTarget "UberTutorial" */ = {
			isa = XCConfigurationList;
			buildConfigurations = (
				EBA8E7CE24C9B9BB00FE2113 /* Debug */,
				EBA8E7CF24C9B9BB00FE2113 /* Release */,
			);
			defaultConfigurationIsVisible = 0;
			defaultConfigurationName = Release;
		};
/* End XCConfigurationList section */
	};
	rootObject = EBA8E7B124C9B9B900FE2113 /* Project object */;
}
